Microsoft Visual Studio Solution File, Format Version 12.00
# Visual Studio Version 17
VisualStudioVersion = 17.8.34330.188
MinimumVisualStudioVersion = 10.0.40219.1
Project("{9A19103F-16F7-4668-BE54-9A1E7A4F7556}") = "NotyfyProp", "NotyfyProp\NotyfyProp.csproj", "{41CB954F-CC0D-4C69-BE2F-76BF5FC8ADA2}"
EndProject
Project("{9A19103F-16F7-4668-BE54-9A1E7A4F7556}") = "Klons2", "Klons2\Klons2.csproj", "{6693E496-D5CE-4138-A58D-2223380CD84F}"
EndProject
Project("{9A19103F-16F7-4668-BE54-9A1E7A4F7556}") = "DataObjects", "DataObjects\DataObjects.csproj", "{C50DA656-8D7D-4B3A-B23F-9B6E5373E2D4}"
EndProject
Project("{9A19103F-16F7-4668-BE54-9A1E7A4F7556}") = "Klons2.DataSets", "Klons2.DataSets\Klons2.DataSets.csproj", "{1A515661-F195-4DCC-BAD7-2026CC3EF4FA}"
EndProject
Project("{9A19103F-16F7-4668-BE54-9A1E7A4F7556}") = "Klons1.DataSets", "Klons1.DataSets\Klons1.DataSets.csproj", "{19B52004-4547-4BA3-AADC-B89C5FF9B8B5}"
EndProject
Project("{9A19103F-16F7-4668-BE54-9A1E7A4F7556}") = "MyReportLib", "MyReportLib\MyReportLib.csproj", "{40E4DBBA-D70A-4B6A-9497-CD4516918361}"
EndProject
Project("{9A19103F-16F7-4668-BE54-9A1E7A4F7556}") = "KlonsLIB", "KlonsLIB\KlonsLIB.csproj", "{388C25A1-0224-4B21-A607-727426DC286E}"
EndProject
Project("{2150E333-8FDC-42A3-9474-1A3956D46DE8}") = "XmlTools", "XmlTools", "{9EF3E9BD-B489-44D5-BE39-E1100146A6A4}"
EndProject
Project("{D954291E-2A0B-460D-934E-DC6B0785DB48}") = "EInvoiceXSL", "XmlTools\EInvoiceXSL\EInvoiceXSL.shproj", "{01A062AB-1292-4C92-B68D-88C41E72BB4A}"
EndProject
Project("{FAE04EC0-301F-11D3-BF4B-00C04F79EFBC}") = "XmlTools", "XmlTools\XmlTools\XmlTools.csproj", "{E8A0AB2E-7120-41A3-B5D6-A6F7B10D1C86}"
EndProject
Project("{FAE04EC0-301F-11D3-BF4B-00C04F79EFBC}") = "EInvoiceLib", "XmlTools\EInvoiceLib\EInvoiceLib.csproj", "{492E7EDE-46B4-4064-B9AD-949A08EEB8FE}"
EndProject
Project("{FAE04EC0-301F-11D3-BF4B-00C04F79EFBC}") = "XmlValidatorDll", "XmlTools\XmlValidatorDll\XmlValidatorDll.csproj", "{B1C8721F-545C-43BB-9BC0-BBDCAAC188D6}"
EndProject
Project("{2150E333-8FDC-42A3-9474-1A3956D46DE8}") = "KlonsChat", "KlonsChat", "{02EA681E-C7D8-13C7-8484-4AC65E1B71E8}"
EndProject
Project("{FAE04EC0-301F-11D3-BF4B-00C04F79EFBC}") = "KlonsChatDb", "KlonsChat\KlonsChatDb\KlonsChatDb.csproj", "{312470B4-8D22-3D85-35C2-AFA3235676F9}"
EndProject
Project("{FAE04EC0-301F-11D3-BF4B-00C04F79EFBC}") = "KlonsChatApiServer", "KlonsChat\KlonsChatApiServer\KlonsChatApiServer.csproj", "{6A8CB141-069F-458C-8467-3FD9E4B98B95}"
EndProject
Project("{FAE04EC0-301F-11D3-BF4B-00C04F79EFBC}") = "KlonsChatAdmin", "KlonsChat\KlonsChatAdmin\KlonsChatAdmin.csproj", "{A421ECA0-3B79-61F4-9799-A11A1494351B}"
EndProject
Project("{FAE04EC0-301F-11D3-BF4B-00C04F79EFBC}") = "KlonsChatDto", "KlonsChat\KlonsChatDto\KlonsChatDto.csproj", "{DA73F724-EA2A-65D2-7A18-6168D224DF7C}"
EndProject
Global
	GlobalSection(SolutionConfigurationPlatforms) = preSolution
		Debug|Any CPU = Debug|Any CPU
		Debug|x64 = Debug|x64
		Debug|x86 = Debug|x86
		Release|Any CPU = Release|Any CPU
		Release|x64 = Release|x64
		Release|x86 = Release|x86
	EndGlobalSection
	GlobalSection(ProjectConfigurationPlatforms) = postSolution
		{41CB954F-CC0D-4C69-BE2F-76BF5FC8ADA2}.Debug|Any CPU.ActiveCfg = Debug|Any CPU
		{41CB954F-CC0D-4C69-BE2F-76BF5FC8ADA2}.Debug|Any CPU.Build.0 = Debug|Any CPU
		{41CB954F-CC0D-4C69-BE2F-76BF5FC8ADA2}.Debug|x64.ActiveCfg = Debug|x64
		{41CB954F-CC0D-4C69-BE2F-76BF5FC8ADA2}.Debug|x64.Build.0 = Debug|x64
		{41CB954F-CC0D-4C69-BE2F-76BF5FC8ADA2}.Debug|x86.ActiveCfg = Debug|x86
		{41CB954F-CC0D-4C69-BE2F-76BF5FC8ADA2}.Debug|x86.Build.0 = Debug|x86
		{41CB954F-CC0D-4C69-BE2F-76BF5FC8ADA2}.Release|Any CPU.ActiveCfg = Release|Any CPU
		{41CB954F-CC0D-4C69-BE2F-76BF5FC8ADA2}.Release|Any CPU.Build.0 = Release|Any CPU
		{41CB954F-CC0D-4C69-BE2F-76BF5FC8ADA2}.Release|x64.ActiveCfg = Release|x64
		{41CB954F-CC0D-4C69-BE2F-76BF5FC8ADA2}.Release|x64.Build.0 = Release|x64
		{41CB954F-CC0D-4C69-BE2F-76BF5FC8ADA2}.Release|x86.ActiveCfg = Release|x86
		{41CB954F-CC0D-4C69-BE2F-76BF5FC8ADA2}.Release|x86.Build.0 = Release|x86
		{6693E496-D5CE-4138-A58D-2223380CD84F}.Debug|Any CPU.ActiveCfg = Debug|Any CPU
		{6693E496-D5CE-4138-A58D-2223380CD84F}.Debug|Any CPU.Build.0 = Debug|Any CPU
		{6693E496-D5CE-4138-A58D-2223380CD84F}.Debug|x64.ActiveCfg = Debug|x64
		{6693E496-D5CE-4138-A58D-2223380CD84F}.Debug|x64.Build.0 = Debug|x64
		{6693E496-D5CE-4138-A58D-2223380CD84F}.Debug|x86.ActiveCfg = Debug|x86
		{6693E496-D5CE-4138-A58D-2223380CD84F}.Debug|x86.Build.0 = Debug|x86
		{6693E496-D5CE-4138-A58D-2223380CD84F}.Release|Any CPU.ActiveCfg = Release|Any CPU
		{6693E496-D5CE-4138-A58D-2223380CD84F}.Release|Any CPU.Build.0 = Release|Any CPU
		{6693E496-D5CE-4138-A58D-2223380CD84F}.Release|x64.ActiveCfg = Release|x64
		{6693E496-D5CE-4138-A58D-2223380CD84F}.Release|x64.Build.0 = Release|x64
		{6693E496-D5CE-4138-A58D-2223380CD84F}.Release|x86.ActiveCfg = Release|x86
		{6693E496-D5CE-4138-A58D-2223380CD84F}.Release|x86.Build.0 = Release|x86
		{C50DA656-8D7D-4B3A-B23F-9B6E5373E2D4}.Debug|Any CPU.ActiveCfg = Debug|Any CPU
		{C50DA656-8D7D-4B3A-B23F-9B6E5373E2D4}.Debug|Any CPU.Build.0 = Debug|Any CPU
		{C50DA656-8D7D-4B3A-B23F-9B6E5373E2D4}.Debug|x64.ActiveCfg = Debug|x64
		{C50DA656-8D7D-4B3A-B23F-9B6E5373E2D4}.Debug|x64.Build.0 = Debug|x64
		{C50DA656-8D7D-4B3A-B23F-9B6E5373E2D4}.Debug|x86.ActiveCfg = Debug|x86
		{C50DA656-8D7D-4B3A-B23F-9B6E5373E2D4}.Debug|x86.Build.0 = Debug|x86
		{C50DA656-8D7D-4B3A-B23F-9B6E5373E2D4}.Release|Any CPU.ActiveCfg = Release|Any CPU
		{C50DA656-8D7D-4B3A-B23F-9B6E5373E2D4}.Release|Any CPU.Build.0 = Release|Any CPU
		{C50DA656-8D7D-4B3A-B23F-9B6E5373E2D4}.Release|x64.ActiveCfg = Release|x64
		{C50DA656-8D7D-4B3A-B23F-9B6E5373E2D4}.Release|x64.Build.0 = Release|x64
		{C50DA656-8D7D-4B3A-B23F-9B6E5373E2D4}.Release|x86.ActiveCfg = Release|x86
		{C50DA656-8D7D-4B3A-B23F-9B6E5373E2D4}.Release|x86.Build.0 = Release|x86
		{1A515661-F195-4DCC-BAD7-2026CC3EF4FA}.Debug|Any CPU.ActiveCfg = Debug|Any CPU
		{1A515661-F195-4DCC-BAD7-2026CC3EF4FA}.Debug|Any CPU.Build.0 = Debug|Any CPU
		{1A515661-F195-4DCC-BAD7-2026CC3EF4FA}.Debug|x64.ActiveCfg = Debug|x64
		{1A515661-F195-4DCC-BAD7-2026CC3EF4FA}.Debug|x64.Build.0 = Debug|x64
		{1A515661-F195-4DCC-BAD7-2026CC3EF4FA}.Debug|x86.ActiveCfg = Debug|x86
		{1A515661-F195-4DCC-BAD7-2026CC3EF4FA}.Debug|x86.Build.0 = Debug|x86
		{1A515661-F195-4DCC-BAD7-2026CC3EF4FA}.Release|Any CPU.ActiveCfg = Release|Any CPU
		{1A515661-F195-4DCC-BAD7-2026CC3EF4FA}.Release|Any CPU.Build.0 = Release|Any CPU
		{1A515661-F195-4DCC-BAD7-2026CC3EF4FA}.Release|x64.ActiveCfg = Release|x64
		{1A515661-F195-4DCC-BAD7-2026CC3EF4FA}.Release|x64.Build.0 = Release|x64
		{1A515661-F195-4DCC-BAD7-2026CC3EF4FA}.Release|x86.ActiveCfg = Release|x86
		{1A515661-F195-4DCC-BAD7-2026CC3EF4FA}.Release|x86.Build.0 = Release|x86
		{19B52004-4547-4BA3-AADC-B89C5FF9B8B5}.Debug|Any CPU.ActiveCfg = Debug|Any CPU
		{19B52004-4547-4BA3-AADC-B89C5FF9B8B5}.Debug|Any CPU.Build.0 = Debug|Any CPU
		{19B52004-4547-4BA3-AADC-B89C5FF9B8B5}.Debug|x64.ActiveCfg = Debug|x64
		{19B52004-4547-4BA3-AADC-B89C5FF9B8B5}.Debug|x64.Build.0 = Debug|x64
		{19B52004-4547-4BA3-AADC-B89C5FF9B8B5}.Debug|x86.ActiveCfg = Debug|x86
		{19B52004-4547-4BA3-AADC-B89C5FF9B8B5}.Debug|x86.Build.0 = Debug|x86
		{19B52004-4547-4BA3-AADC-B89C5FF9B8B5}.Release|Any CPU.ActiveCfg = Release|Any CPU
		{19B52004-4547-4BA3-AADC-B89C5FF9B8B5}.Release|Any CPU.Build.0 = Release|Any CPU
		{19B52004-4547-4BA3-AADC-B89C5FF9B8B5}.Release|x64.ActiveCfg = Release|x64
		{19B52004-4547-4BA3-AADC-B89C5FF9B8B5}.Release|x64.Build.0 = Release|x64
		{19B52004-4547-4BA3-AADC-B89C5FF9B8B5}.Release|x86.ActiveCfg = Release|x86
		{19B52004-4547-4BA3-AADC-B89C5FF9B8B5}.Release|x86.Build.0 = Release|x86
		{40E4DBBA-D70A-4B6A-9497-CD4516918361}.Debug|Any CPU.ActiveCfg = Debug|Any CPU
		{40E4DBBA-D70A-4B6A-9497-CD4516918361}.Debug|Any CPU.Build.0 = Debug|Any CPU
		{40E4DBBA-D70A-4B6A-9497-CD4516918361}.Debug|x64.ActiveCfg = Debug|x64
		{40E4DBBA-D70A-4B6A-9497-CD4516918361}.Debug|x64.Build.0 = Debug|x64
		{40E4DBBA-D70A-4B6A-9497-CD4516918361}.Debug|x86.ActiveCfg = Debug|x86
		{40E4DBBA-D70A-4B6A-9497-CD4516918361}.Debug|x86.Build.0 = Debug|x86
		{40E4DBBA-D70A-4B6A-9497-CD4516918361}.Release|Any CPU.ActiveCfg = Release|Any CPU
		{40E4DBBA-D70A-4B6A-9497-CD4516918361}.Release|Any CPU.Build.0 = Release|Any CPU
		{40E4DBBA-D70A-4B6A-9497-CD4516918361}.Release|x64.ActiveCfg = Release|Any CPU
		{40E4DBBA-D70A-4B6A-9497-CD4516918361}.Release|x64.Build.0 = Release|Any CPU
		{40E4DBBA-D70A-4B6A-9497-CD4516918361}.Release|x86.ActiveCfg = Release|Any CPU
		{40E4DBBA-D70A-4B6A-9497-CD4516918361}.Release|x86.Build.0 = Release|Any CPU
		{388C25A1-0224-4B21-A607-727426DC286E}.Debug|Any CPU.ActiveCfg = Debug|x64
		{388C25A1-0224-4B21-A607-727426DC286E}.Debug|x64.ActiveCfg = Debug|x64
		{388C25A1-0224-4B21-A607-727426DC286E}.Debug|x64.Build.0 = Debug|x64
		{388C25A1-0224-4B21-A607-727426DC286E}.Debug|x86.ActiveCfg = Debug|x86
		{388C25A1-0224-4B21-A607-727426DC286E}.Debug|x86.Build.0 = Debug|x86
		{388C25A1-0224-4B21-A607-727426DC286E}.Release|Any CPU.ActiveCfg = Release|x64
		{388C25A1-0224-4B21-A607-727426DC286E}.Release|x64.ActiveCfg = Release|x64
		{388C25A1-0224-4B21-A607-727426DC286E}.Release|x64.Build.0 = Release|x64
		{388C25A1-0224-4B21-A607-727426DC286E}.Release|x86.ActiveCfg = Release|x64
		{E8A0AB2E-7120-41A3-B5D6-A6F7B10D1C86}.Debug|Any CPU.ActiveCfg = Debug|Any CPU
		{E8A0AB2E-7120-41A3-B5D6-A6F7B10D1C86}.Debug|Any CPU.Build.0 = Debug|Any CPU
		{E8A0AB2E-7120-41A3-B5D6-A6F7B10D1C86}.Debug|x64.ActiveCfg = Debug|x64
		{E8A0AB2E-7120-41A3-B5D6-A6F7B10D1C86}.Debug|x64.Build.0 = Debug|x64
		{E8A0AB2E-7120-41A3-B5D6-A6F7B10D1C86}.Debug|x86.ActiveCfg = Debug|x86
		{E8A0AB2E-7120-41A3-B5D6-A6F7B10D1C86}.Debug|x86.Build.0 = Debug|x86
		{E8A0AB2E-7120-41A3-B5D6-A6F7B10D1C86}.Release|Any CPU.ActiveCfg = Release|Any CPU
		{E8A0AB2E-7120-41A3-B5D6-A6F7B10D1C86}.Release|Any CPU.Build.0 = Release|Any CPU
		{E8A0AB2E-7120-41A3-B5D6-A6F7B10D1C86}.Release|x64.ActiveCfg = Release|x64
		{E8A0AB2E-7120-41A3-B5D6-A6F7B10D1C86}.Release|x64.Build.0 = Release|x64
		{E8A0AB2E-7120-41A3-B5D6-A6F7B10D1C86}.Release|x86.ActiveCfg = Release|x86
		{E8A0AB2E-7120-41A3-B5D6-A6F7B10D1C86}.Release|x86.Build.0 = Release|x86
		{492E7EDE-46B4-4064-B9AD-949A08EEB8FE}.Debug|Any CPU.ActiveCfg = Debug|Any CPU
		{492E7EDE-46B4-4064-B9AD-949A08EEB8FE}.Debug|Any CPU.Build.0 = Debug|Any CPU
		{492E7EDE-46B4-4064-B9AD-949A08EEB8FE}.Debug|x64.ActiveCfg = Debug|x64
		{492E7EDE-46B4-4064-B9AD-949A08EEB8FE}.Debug|x64.Build.0 = Debug|x64
		{492E7EDE-46B4-4064-B9AD-949A08EEB8FE}.Debug|x86.ActiveCfg = Debug|x86
		{492E7EDE-46B4-4064-B9AD-949A08EEB8FE}.Debug|x86.Build.0 = Debug|x86
		{492E7EDE-46B4-4064-B9AD-949A08EEB8FE}.Release|Any CPU.ActiveCfg = Release|Any CPU
		{492E7EDE-46B4-4064-B9AD-949A08EEB8FE}.Release|Any CPU.Build.0 = Release|Any CPU
		{492E7EDE-46B4-4064-B9AD-949A08EEB8FE}.Release|x64.ActiveCfg = Release|x64
		{492E7EDE-46B4-4064-B9AD-949A08EEB8FE}.Release|x64.Build.0 = Release|x64
		{492E7EDE-46B4-4064-B9AD-949A08EEB8FE}.Release|x86.ActiveCfg = Release|x86
		{492E7EDE-46B4-4064-B9AD-949A08EEB8FE}.Release|x86.Build.0 = Release|x86
		{B1C8721F-545C-43BB-9BC0-BBDCAAC188D6}.Debug|Any CPU.ActiveCfg = Debug|Any CPU
		{B1C8721F-545C-43BB-9BC0-BBDCAAC188D6}.Debug|Any CPU.Build.0 = Debug|Any CPU
		{B1C8721F-545C-43BB-9BC0-BBDCAAC188D6}.Debug|x64.ActiveCfg = Debug|x64
		{B1C8721F-545C-43BB-9BC0-BBDCAAC188D6}.Debug|x64.Build.0 = Debug|x64
		{B1C8721F-545C-43BB-9BC0-BBDCAAC188D6}.Debug|x86.ActiveCfg = Debug|x86
		{B1C8721F-545C-43BB-9BC0-BBDCAAC188D6}.Debug|x86.Build.0 = Debug|x86
		{B1C8721F-545C-43BB-9BC0-BBDCAAC188D6}.Release|Any CPU.ActiveCfg = Release|Any CPU
		{B1C8721F-545C-43BB-9BC0-BBDCAAC188D6}.Release|Any CPU.Build.0 = Release|Any CPU
		{B1C8721F-545C-43BB-9BC0-BBDCAAC188D6}.Release|x64.ActiveCfg = Release|Any CPU
		{B1C8721F-545C-43BB-9BC0-BBDCAAC188D6}.Release|x64.Build.0 = Release|Any CPU
		{B1C8721F-545C-43BB-9BC0-BBDCAAC188D6}.Release|x86.ActiveCfg = Release|Any CPU
		{B1C8721F-545C-43BB-9BC0-BBDCAAC188D6}.Release|x86.Build.0 = Release|Any CPU
		{312470B4-8D22-3D85-35C2-AFA3235676F9}.Debug|Any CPU.ActiveCfg = Debug|Any CPU
		{312470B4-8D22-3D85-35C2-AFA3235676F9}.Debug|Any CPU.Build.0 = Debug|Any CPU
		{312470B4-8D22-3D85-35C2-AFA3235676F9}.Debug|x64.ActiveCfg = Debug|Any CPU
		{312470B4-8D22-3D85-35C2-AFA3235676F9}.Debug|x64.Build.0 = Debug|Any CPU
		{312470B4-8D22-3D85-35C2-AFA3235676F9}.Debug|x86.ActiveCfg = Debug|Any CPU
		{312470B4-8D22-3D85-35C2-AFA3235676F9}.Debug|x86.Build.0 = Debug|Any CPU
		{312470B4-8D22-3D85-35C2-AFA3235676F9}.Release|Any CPU.ActiveCfg = Release|Any CPU
		{312470B4-8D22-3D85-35C2-AFA3235676F9}.Release|Any CPU.Build.0 = Release|Any CPU
		{312470B4-8D22-3D85-35C2-AFA3235676F9}.Release|x64.ActiveCfg = Release|Any CPU
		{312470B4-8D22-3D85-35C2-AFA3235676F9}.Release|x64.Build.0 = Release|Any CPU
		{312470B4-8D22-3D85-35C2-AFA3235676F9}.Release|x86.ActiveCfg = Release|Any CPU
		{312470B4-8D22-3D85-35C2-AFA3235676F9}.Release|x86.Build.0 = Release|Any CPU
		{6A8CB141-069F-458C-8467-3FD9E4B98B95}.Debug|Any CPU.ActiveCfg = Debug|Any CPU
		{6A8CB141-069F-458C-8467-3FD9E4B98B95}.Debug|Any CPU.Build.0 = Debug|Any CPU
		{6A8CB141-069F-458C-8467-3FD9E4B98B95}.Debug|x64.ActiveCfg = Debug|Any CPU
		{6A8CB141-069F-458C-8467-3FD9E4B98B95}.Debug|x64.Build.0 = Debug|Any CPU
		{6A8CB141-069F-458C-8467-3FD9E4B98B95}.Debug|x86.ActiveCfg = Debug|Any CPU
		{6A8CB141-069F-458C-8467-3FD9E4B98B95}.Debug|x86.Build.0 = Debug|Any CPU
		{6A8CB141-069F-458C-8467-3FD9E4B98B95}.Release|Any CPU.ActiveCfg = Release|Any CPU
		{6A8CB141-069F-458C-8467-3FD9E4B98B95}.Release|Any CPU.Build.0 = Release|Any CPU
		{6A8CB141-069F-458C-8467-3FD9E4B98B95}.Release|x64.ActiveCfg = Release|Any CPU
		{6A8CB141-069F-458C-8467-3FD9E4B98B95}.Release|x64.Build.0 = Release|Any CPU
		{6A8CB141-069F-458C-8467-3FD9E4B98B95}.Release|x86.ActiveCfg = Release|Any CPU
		{6A8CB141-069F-458C-8467-3FD9E4B98B95}.Release|x86.Build.0 = Release|Any CPU
		{A421ECA0-3B79-61F4-9799-A11A1494351B}.Debug|Any CPU.ActiveCfg = Debug|Any CPU
		{A421ECA0-3B79-61F4-9799-A11A1494351B}.Debug|Any CPU.Build.0 = Debug|Any CPU
		{A421ECA0-3B79-61F4-9799-A11A1494351B}.Debug|x64.ActiveCfg = Debug|Any CPU
		{A421ECA0-3B79-61F4-9799-A11A1494351B}.Debug|x64.Build.0 = Debug|Any CPU
		{A421ECA0-3B79-61F4-9799-A11A1494351B}.Debug|x86.ActiveCfg = Debug|Any CPU
		{A421ECA0-3B79-61F4-9799-A11A1494351B}.Debug|x86.Build.0 = Debug|Any CPU
		{A421ECA0-3B79-61F4-9799-A11A1494351B}.Release|Any CPU.ActiveCfg = Release|Any CPU
		{A421ECA0-3B79-61F4-9799-A11A1494351B}.Release|Any CPU.Build.0 = Release|Any CPU
		{A421ECA0-3B79-61F4-9799-A11A1494351B}.Release|x64.ActiveCfg = Release|Any CPU
		{A421ECA0-3B79-61F4-9799-A11A1494351B}.Release|x64.Build.0 = Release|Any CPU
		{A421ECA0-3B79-61F4-9799-A11A1494351B}.Release|x86.ActiveCfg = Release|Any CPU
		{A421ECA0-3B79-61F4-9799-A11A1494351B}.Release|x86.Build.0 = Release|Any CPU
		{DA73F724-EA2A-65D2-7A18-6168D224DF7C}.Debug|Any CPU.ActiveCfg = Debug|Any CPU
		{DA73F724-EA2A-65D2-7A18-6168D224DF7C}.Debug|Any CPU.Build.0 = Debug|Any CPU
		{DA73F724-EA2A-65D2-7A18-6168D224DF7C}.Debug|x64.ActiveCfg = Debug|Any CPU
		{DA73F724-EA2A-65D2-7A18-6168D224DF7C}.Debug|x64.Build.0 = Debug|Any CPU
		{DA73F724-EA2A-65D2-7A18-6168D224DF7C}.Debug|x86.ActiveCfg = Debug|Any CPU
		{DA73F724-EA2A-65D2-7A18-6168D224DF7C}.Debug|x86.Build.0 = Debug|Any CPU
		{DA73F724-EA2A-65D2-7A18-6168D224DF7C}.Release|Any CPU.ActiveCfg = Release|Any CPU
		{DA73F724-EA2A-65D2-7A18-6168D224DF7C}.Release|Any CPU.Build.0 = Release|Any CPU
		{DA73F724-EA2A-65D2-7A18-6168D224DF7C}.Release|x64.ActiveCfg = Release|Any CPU
		{DA73F724-EA2A-65D2-7A18-6168D224DF7C}.Release|x64.Build.0 = Release|Any CPU
		{DA73F724-EA2A-65D2-7A18-6168D224DF7C}.Release|x86.ActiveCfg = Release|Any CPU
		{DA73F724-EA2A-65D2-7A18-6168D224DF7C}.Release|x86.Build.0 = Release|Any CPU
	EndGlobalSection
	GlobalSection(SolutionProperties) = preSolution
		HideSolutionNode = FALSE
	EndGlobalSection
	GlobalSection(NestedProjects) = preSolution
		{01A062AB-1292-4C92-B68D-88C41E72BB4A} = {9EF3E9BD-B489-44D5-BE39-E1100146A6A4}
		{E8A0AB2E-7120-41A3-B5D6-A6F7B10D1C86} = {9EF3E9BD-B489-44D5-BE39-E1100146A6A4}
		{492E7EDE-46B4-4064-B9AD-949A08EEB8FE} = {9EF3E9BD-B489-44D5-BE39-E1100146A6A4}
		{B1C8721F-545C-43BB-9BC0-BBDCAAC188D6} = {9EF3E9BD-B489-44D5-BE39-E1100146A6A4}
		{312470B4-8D22-3D85-35C2-AFA3235676F9} = {02EA681E-C7D8-13C7-8484-4AC65E1B71E8}
		{6A8CB141-069F-458C-8467-3FD9E4B98B95} = {02EA681E-C7D8-13C7-8484-4AC65E1B71E8}
		{A421ECA0-3B79-61F4-9799-A11A1494351B} = {02EA681E-C7D8-13C7-8484-4AC65E1B71E8}
		{DA73F724-EA2A-65D2-7A18-6168D224DF7C} = {02EA681E-C7D8-13C7-8484-4AC65E1B71E8}
	EndGlobalSection
	GlobalSection(ExtensibilityGlobals) = postSolution
		SolutionGuid = {E6C112F6-3EEC-44FC-A07C-B26DCA49E001}
	EndGlobalSection
	GlobalSection(SharedMSBuildProjectFiles) = preSolution
		XmlTools\EInvoiceXSL\EInvoiceXSL.projitems*{01a062ab-1292-4c92-b68d-88c41e72bb4a}*SharedItemsImports = 13
		XmlTools\EInvoiceXSL\EInvoiceXSL.projitems*{492e7ede-46b4-4064-b9ad-949a08eeb8fe}*SharedItemsImports = 5
	EndGlobalSection
EndGlobal
